
Microsoft Visual Studio Solution File, Format Version 12.00
# Visual Studio Version 16
VisualStudioVersion = 16.0.29306.81
MinimumVisualStudioVersion = 10.0.40219.1
Project("{FAE04EC0-301F-11D3-BF4B-00C04F79EFBC}") = "duan", "duan\duan.csproj", "{81CE6AFF-F385-4EE4-A37E-E02B5E35C005}"
EndProject
Global
	GlobalSection(SolutionConfigurationPlatforms) = preSolution
		Debug|Any CPU = Debug|Any CPU
		Release|Any CPU = Release|Any CPU
	EndGlobalSection
	GlobalSection(ProjectConfigurationPlatforms) = postSolution
		{81CE6AFF-F385-4EE4-A37E-E02B5E35C005}.Debug|Any CPU.ActiveCfg = Debug|Any CPU
		{81CE6AFF-F385-4EE4-A37E-E02B5E35C005}.Debug|Any CPU.Build.0 = Debug|Any CPU
		{81CE6AFF-F385-4EE4-A37E-E02B5E35C005}.Release|Any CPU.ActiveCfg = Release|Any CPU
		{81CE6AFF-F385-4EE4-A37E-E02B5E35C005}.Release|Any CPU.Build.0 = Release|Any CPU
	EndGlobalSection
	GlobalSection(SolutionProperties) = preSolution
		HideSolutionNode = FALSE
	EndGlobalSection
	GlobalSection(ExtensibilityGlobals) = postSolution
		SolutionGuid = {F57F242C-395A-41A6-BDBD-708BEBC60251}
	EndGlobalSection
EndGlobal
